
Microsoft Visual Studio Solution File, Format Version 12.00
# Visual Studio Version 17
VisualStudioVersion = 17.13.35828.75 d17.13
MinimumVisualStudioVersion = 10.0.40219.1
Project("{FAE04EC0-301F-11D3-BF4B-00C04F79EFBC}") = "Sokoban", "Sokoban\Sokoban.csproj", "{D25C5069-0A19-4E7F-B794-9C53A29F4F56}"
EndProject
Global
	GlobalSection(SolutionConfigurationPlatforms) = preSolution
		Debug|Any CPU = Debug|Any CPU
		Release|Any CPU = Release|Any CPU
	EndGlobalSection
	GlobalSection(ProjectConfigurationPlatforms) = postSolution
		{D25C5069-0A19-4E7F-B794-9C53A29F4F56}.Debug|Any CPU.ActiveCfg = Debug|Any CPU
		{D25C5069-0A19-4E7F-B794-9C53A29F4F56}.Debug|Any CPU.Build.0 = Debug|Any CPU
		{D25C5069-0A19-4E7F-B794-9C53A29F4F56}.Release|Any CPU.ActiveCfg = Release|Any CPU
		{D25C5069-0A19-4E7F-B794-9C53A29F4F56}.Release|Any CPU.Build.0 = Release|Any CPU
	EndGlobalSection
	GlobalSection(SolutionProperties) = preSolution
		HideSolutionNode = FALSE
	EndGlobalSection
	GlobalSection(ExtensibilityGlobals) = postSolution
		SolutionGuid = {135D0AA1-9FFC-47F3-B3A0-20E46159EB6B}
	EndGlobalSection
EndGlobal
